
Microsoft Visual Studio Solution File, Format Version 12.00
# Visual Studio Version 16
VisualStudioVersion = 16.0.31729.503
MinimumVisualStudioVersion = 10.0.40219.1
Project("{FAE04EC0-301F-11D3-BF4B-00C04F79EFBC}") = "WebApplication4", "WebApplication4\WebApplication4.csproj", "{914200C6-DE79-44A5-A559-20B5DEAFCA77}"
EndProject
Global
	GlobalSection(SolutionConfigurationPlatforms) = preSolution
		Debug|Any CPU = Debug|Any CPU
		Release|Any CPU = Release|Any CPU
	EndGlobalSection
	GlobalSection(ProjectConfigurationPlatforms) = postSolution
		{914200C6-DE79-44A5-A559-20B5DEAFCA77}.Debug|Any CPU.ActiveCfg = Debug|Any CPU
		{914200C6-DE79-44A5-A559-20B5DEAFCA77}.Debug|Any CPU.Build.0 = Debug|Any CPU
		{914200C6-DE79-44A5-A559-20B5DEAFCA77}.Release|Any CPU.ActiveCfg = Release|Any CPU
		{914200C6-DE79-44A5-A559-20B5DEAFCA77}.Release|Any CPU.Build.0 = Release|Any CPU
	EndGlobalSection
	GlobalSection(SolutionProperties) = preSolution
		HideSolutionNode = FALSE
	EndGlobalSection
	GlobalSection(ExtensibilityGlobals) = postSolution
		SolutionGuid = {856A4BB8-7A50-4A3F-9554-804566A93D76}
	EndGlobalSection
EndGlobal
